
Microsoft Visual Studio Solution File, Format Version 12.00
# Visual Studio 15
VisualStudioVersion = 15.0.27428.2037
MinimumVisualStudioVersion = 10.0.40219.1
Project("{9A19103F-16F7-4668-BE54-9A1E7A4F7556}") = "CourseApp", "CourseApp.csproj", "{9106CA2C-0D72-49F6-AAB9-421D14522B92}"
EndProject
Project("{9A19103F-16F7-4668-BE54-9A1E7A4F7556}") = "CourseApp.Tests", "..\CourseApp.Tests\CourseApp.Tests.csproj", "{FFEA16A9-1ED9-4053-9157-376BE432A663}"
EndProject
Global
	GlobalSection(SolutionConfigurationPlatforms) = preSolution
		Debug|Any CPU = Debug|Any CPU
		Release|Any CPU = Release|Any CPU
	EndGlobalSection
	GlobalSection(ProjectConfigurationPlatforms) = postSolution
		{9106CA2C-0D72-49F6-AAB9-421D14522B92}.Debug|Any CPU.ActiveCfg = Debug|Any CPU
		{9106CA2C-0D72-49F6-AAB9-421D14522B92}.Debug|Any CPU.Build.0 = Debug|Any CPU
		{9106CA2C-0D72-49F6-AAB9-421D14522B92}.Release|Any CPU.ActiveCfg = Release|Any CPU
		{9106CA2C-0D72-49F6-AAB9-421D14522B92}.Release|Any CPU.Build.0 = Release|Any CPU
		{FFEA16A9-1ED9-4053-9157-376BE432A663}.Debug|Any CPU.ActiveCfg = Debug|Any CPU
		{FFEA16A9-1ED9-4053-9157-376BE432A663}.Debug|Any CPU.Build.0 = Debug|Any CPU
		{FFEA16A9-1ED9-4053-9157-376BE432A663}.Release|Any CPU.ActiveCfg = Release|Any CPU
		{FFEA16A9-1ED9-4053-9157-376BE432A663}.Release|Any CPU.Build.0 = Release|Any CPU
	EndGlobalSection
	GlobalSection(SolutionProperties) = preSolution
		HideSolutionNode = FALSE
	EndGlobalSection
	GlobalSection(ExtensibilityGlobals) = postSolution
		SolutionGuid = {D9D88B9E-02B3-4EB5-BB78-9B3D130A8DFB}
	EndGlobalSection
EndGlobal
