
Microsoft Visual Studio Solution File, Format Version 12.00
# Visual Studio 15
VisualStudioVersion = 15.0.27428.2002
MinimumVisualStudioVersion = 10.0.40219.1
Project("{9A19103F-16F7-4668-BE54-9A1E7A4F7556}") = "CourseApp", "CourseApp.csproj", "{C1FE39B2-7B1F-4EF4-AFF7-3CCD41A17606}"
EndProject
Project("{9A19103F-16F7-4668-BE54-9A1E7A4F7556}") = "CourseApp.Tests", "..\CourseApp.Tests\CourseApp.Tests.csproj", "{D86089DF-5420-46EE-8ECF-3C482D6B14F8}"
EndProject
Global
	GlobalSection(SolutionConfigurationPlatforms) = preSolution
		Debug|Any CPU = Debug|Any CPU
		Release|Any CPU = Release|Any CPU
	EndGlobalSection
	GlobalSection(ProjectConfigurationPlatforms) = postSolution
		{C1FE39B2-7B1F-4EF4-AFF7-3CCD41A17606}.Debug|Any CPU.ActiveCfg = Debug|Any CPU
		{C1FE39B2-7B1F-4EF4-AFF7-3CCD41A17606}.Debug|Any CPU.Build.0 = Debug|Any CPU
		{C1FE39B2-7B1F-4EF4-AFF7-3CCD41A17606}.Release|Any CPU.ActiveCfg = Release|Any CPU
		{C1FE39B2-7B1F-4EF4-AFF7-3CCD41A17606}.Release|Any CPU.Build.0 = Release|Any CPU
		{D86089DF-5420-46EE-8ECF-3C482D6B14F8}.Debug|Any CPU.ActiveCfg = Debug|Any CPU
		{D86089DF-5420-46EE-8ECF-3C482D6B14F8}.Debug|Any CPU.Build.0 = Debug|Any CPU
		{D86089DF-5420-46EE-8ECF-3C482D6B14F8}.Release|Any CPU.ActiveCfg = Release|Any CPU
		{D86089DF-5420-46EE-8ECF-3C482D6B14F8}.Release|Any CPU.Build.0 = Release|Any CPU
	EndGlobalSection
	GlobalSection(SolutionProperties) = preSolution
		HideSolutionNode = FALSE
	EndGlobalSection
	GlobalSection(ExtensibilityGlobals) = postSolution
		SolutionGuid = {F286865D-7575-4C8B-9077-15728276A576}
	EndGlobalSection
EndGlobal
