
Microsoft Visual Studio Solution File, Format Version 12.00
# Visual Studio 15
VisualStudioVersion = 15.0.27428.2002
MinimumVisualStudioVersion = 10.0.40219.1
Project("{9A19103F-16F7-4668-BE54-9A1E7A4F7556}") = "CourseApp", "CourseApp.csproj", "{FA4552BB-EF82-4F11-B34C-877F7F5D0B24}"
EndProject
Project("{9A19103F-16F7-4668-BE54-9A1E7A4F7556}") = "CourseApp.Tests", "..\CourseApp.Tests\CourseApp.Tests.csproj", "{4730234B-DA53-47DF-A30C-D48C27423EE7}"
EndProject
Global
	GlobalSection(SolutionConfigurationPlatforms) = preSolution
		Debug|Any CPU = Debug|Any CPU
		Release|Any CPU = Release|Any CPU
	EndGlobalSection
	GlobalSection(ProjectConfigurationPlatforms) = postSolution
		{FA4552BB-EF82-4F11-B34C-877F7F5D0B24}.Debug|Any CPU.ActiveCfg = Debug|Any CPU
		{FA4552BB-EF82-4F11-B34C-877F7F5D0B24}.Debug|Any CPU.Build.0 = Debug|Any CPU
		{FA4552BB-EF82-4F11-B34C-877F7F5D0B24}.Release|Any CPU.ActiveCfg = Release|Any CPU
		{FA4552BB-EF82-4F11-B34C-877F7F5D0B24}.Release|Any CPU.Build.0 = Release|Any CPU
		{4730234B-DA53-47DF-A30C-D48C27423EE7}.Debug|Any CPU.ActiveCfg = Debug|Any CPU
		{4730234B-DA53-47DF-A30C-D48C27423EE7}.Debug|Any CPU.Build.0 = Debug|Any CPU
		{4730234B-DA53-47DF-A30C-D48C27423EE7}.Release|Any CPU.ActiveCfg = Release|Any CPU
		{4730234B-DA53-47DF-A30C-D48C27423EE7}.Release|Any CPU.Build.0 = Release|Any CPU
	EndGlobalSection
	GlobalSection(SolutionProperties) = preSolution
		HideSolutionNode = FALSE
	EndGlobalSection
	GlobalSection(ExtensibilityGlobals) = postSolution
		SolutionGuid = {49290B87-782D-4368-9D91-3CED150E581F}
	EndGlobalSection
EndGlobal
